{
  "version": 4,
  "terraform_version": "1.3.4",
  "serial": 9,
  "lineage": "42e594ec-b89d-a74f-c1e5-6bcf28e33fc4",
  "outputs": {
    "instances": {
      "value": {
        "filter": null,
        "id": "us-east-1",
        "ids": [
          "i-076b42b6d16eaaa69",
          "i-03b5051d1db83b44e",
          "i-045a85ca7dd068d1f",
          "i-02373a5da4be5e28c",
          "i-0b903fd0fc93530c9",
          "i-0060866a1699134d7",
          "i-0ee04da7becfbdddb",
          "i-0126d240e88f0d2ae",
          "i-071e9241b773c654c",
          "i-076e5914305d4fd27",
          "i-04a9f316e7e3a4dc3",
          "i-0848a47faa1403f43",
          "i-0b767557a87ba544c",
          "i-054ce66b785722678"
        ],
        "instance_state_names": [
          "running",
          "stopped"
        ],
        "instance_tags": null,
        "private_ips": [
          "10.0.1.37",
          "10.0.1.222",
          "10.0.1.91",
          "10.0.1.230",
          "10.0.1.233",
          "10.0.1.18",
          "10.0.1.82",
          "10.0.1.66",
          "10.0.1.153",
          "10.0.1.72",
          "10.0.1.68",
          "10.0.1.101",
          "10.0.1.189",
          "10.0.1.35"
        ],
        "public_ips": [
          "3.92.72.107",
          "174.129.78.2",
          "3.84.96.83",
          "18.212.126.105",
          "3.81.138.214",
          "107.20.57.176",
          "3.84.209.178",
          "18.208.142.143",
          "54.164.130.253",
          "34.228.79.92",
          "35.175.197.239",
          "54.167.56.146",
          "54.87.17.227"
        ],
        "timeouts": null
      },
      "type": [
        "object",
        {
          "filter": [
            "set",
            [
              "object",
              {
                "name": "string",
                "values": [
                  "list",
                  "string"
                ]
              }
            ]
          ],
          "id": "string",
          "ids": [
            "list",
            "string"
          ],
          "instance_state_names": [
            "set",
            "string"
          ],
          "instance_tags": [
            "map",
            "string"
          ],
          "private_ips": [
            "list",
            "string"
          ],
          "public_ips": [
            "list",
            "string"
          ],
          "timeouts": [
            "object",
            {
              "read": "string"
            }
          ]
        }
      ]
    },
    "security_group_name": {
      "value": [
        [
          "nome: standard - description: Allow inbound traffic - from_port: 0 - to_port: 0 - protocol: -1 - cidr_blocks: 0.0.0.0/0"
        ]
      ],
      "type": [
        "tuple",
        [
          [
            "tuple",
            [
              "string"
            ]
          ]
        ]
      ]
    }
  },
  "resources": [
    {
      "mode": "data",
      "type": "aws_availability_zones",
      "name": "available",
      "provider": "provider[\"registry.terraform.io/hashicorp/aws\"]",
      "instances": [
        {
          "schema_version": 0,
          "attributes": {
            "all_availability_zones": null,
            "exclude_names": null,
            "exclude_zone_ids": null,
            "filter": null,
            "group_names": [
              "us-east-1"
            ],
            "id": "us-east-1",
            "names": [
              "us-east-1a",
              "us-east-1b",
              "us-east-1c",
              "us-east-1d",
              "us-east-1e",
              "us-east-1f"
            ],
            "state": null,
            "timeouts": null,
            "zone_ids": [
              "use1-az4",
              "use1-az6",
              "use1-az1",
              "use1-az2",
              "use1-az3",
              "use1-az5"
            ]
          },
          "sensitive_attributes": []
        }
      ]
    },
    {
      "mode": "data",
      "type": "aws_instances",
      "name": "instances",
      "provider": "provider[\"registry.terraform.io/hashicorp/aws\"]",
      "instances": [
        {
          "schema_version": 0,
          "attributes": {
            "filter": null,
            "id": "us-east-1",
            "ids": [
              "i-076b42b6d16eaaa69",
              "i-03b5051d1db83b44e",
              "i-045a85ca7dd068d1f",
              "i-02373a5da4be5e28c",
              "i-0b903fd0fc93530c9",
              "i-0060866a1699134d7",
              "i-0ee04da7becfbdddb",
              "i-0126d240e88f0d2ae",
              "i-071e9241b773c654c",
              "i-076e5914305d4fd27",
              "i-04a9f316e7e3a4dc3",
              "i-0848a47faa1403f43",
              "i-0b767557a87ba544c",
              "i-054ce66b785722678"
            ],
            "instance_state_names": [
              "running",
              "stopped"
            ],
            "instance_tags": null,
            "private_ips": [
              "10.0.1.37",
              "10.0.1.222",
              "10.0.1.91",
              "10.0.1.230",
              "10.0.1.233",
              "10.0.1.18",
              "10.0.1.82",
              "10.0.1.66",
              "10.0.1.153",
              "10.0.1.72",
              "10.0.1.68",
              "10.0.1.101",
              "10.0.1.189",
              "10.0.1.35"
            ],
            "public_ips": [
              "3.92.72.107",
              "174.129.78.2",
              "3.84.96.83",
              "18.212.126.105",
              "3.81.138.214",
              "107.20.57.176",
              "3.84.209.178",
              "18.208.142.143",
              "54.164.130.253",
              "34.228.79.92",
              "35.175.197.239",
              "54.167.56.146",
              "54.87.17.227"
            ],
            "timeouts": null
          },
          "sensitive_attributes": []
        }
      ]
    },
    {
      "mode": "managed",
      "type": "aws_internet_gateway",
      "name": "gw",
      "provider": "provider[\"registry.terraform.io/hashicorp/aws\"]",
      "instances": [
        {
          "schema_version": 0,
          "attributes": {
            "arn": "arn:aws:ec2:us-east-1:244736565328:internet-gateway/igw-033eadf086bec7f44",
            "id": "igw-033eadf086bec7f44",
            "owner_id": "244736565328",
            "tags": {
              "Name": "iaas_gateway"
            },
            "tags_all": {
              "Name": "iaas_gateway"
            },
            "timeouts": null,
            "vpc_id": "vpc-070b6bb5893238767"
          },
          "sensitive_attributes": [],
          "private": "eyJlMmJmYjczMC1lY2FhLTExZTYtOGY4OC0zNDM2M2JjN2M0YzAiOnsiY3JlYXRlIjoxMjAwMDAwMDAwMDAwLCJkZWxldGUiOjEyMDAwMDAwMDAwMDAsInVwZGF0ZSI6MTIwMDAwMDAwMDAwMH19",
          "dependencies": [
            "aws_vpc.main"
          ]
        }
      ]
    },
    {
      "mode": "managed",
      "type": "aws_route",
      "name": "internet_access",
      "provider": "provider[\"registry.terraform.io/hashicorp/aws\"]",
      "instances": [
        {
          "schema_version": 0,
          "attributes": {
            "carrier_gateway_id": "",
            "core_network_arn": "",
            "destination_cidr_block": "0.0.0.0/0",
            "destination_ipv6_cidr_block": "",
            "destination_prefix_list_id": "",
            "egress_only_gateway_id": "",
            "gateway_id": "igw-033eadf086bec7f44",
            "id": "r-rtb-01a8932e05a6a43b01080289494",
            "instance_id": "",
            "instance_owner_id": "",
            "local_gateway_id": "",
            "nat_gateway_id": "",
            "network_interface_id": "",
            "origin": "CreateRoute",
            "route_table_id": "rtb-01a8932e05a6a43b0",
            "state": "active",
            "timeouts": null,
            "transit_gateway_id": "",
            "vpc_endpoint_id": "",
            "vpc_peering_connection_id": ""
          },
          "sensitive_attributes": [],
          "private": "eyJlMmJmYjczMC1lY2FhLTExZTYtOGY4OC0zNDM2M2JjN2M0YzAiOnsiY3JlYXRlIjozMDAwMDAwMDAwMDAsImRlbGV0ZSI6MzAwMDAwMDAwMDAwLCJ1cGRhdGUiOjEyMDAwMDAwMDAwMH19",
          "dependencies": [
            "aws_internet_gateway.gw",
            "aws_vpc.main"
          ]
        }
      ]
    },
    {
      "mode": "managed",
      "type": "aws_security_group",
      "name": "allow",
      "provider": "provider[\"registry.terraform.io/hashicorp/aws\"]",
      "instances": [
        {
          "index_key": "standard",
          "schema_version": 1,
          "attributes": {
            "arn": "arn:aws:ec2:us-east-1:244736565328:security-group/sg-07bfcd8a40fd15ced",
            "description": "Managed by Terraform",
            "egress": [
              {
                "cidr_blocks": [
                  "0.0.0.0/0"
                ],
                "description": "",
                "from_port": 0,
                "ipv6_cidr_blocks": [],
                "prefix_list_ids": [],
                "protocol": "-1",
                "security_groups": [],
                "self": false,
                "to_port": 0
              }
            ],
            "id": "sg-07bfcd8a40fd15ced",
            "ingress": [
              {
                "cidr_blocks": [
                  "0.0.0.0/0"
                ],
                "description": "Allow inbound traffic",
                "from_port": 0,
                "ipv6_cidr_blocks": [],
                "prefix_list_ids": [],
                "protocol": "-1",
                "security_groups": [],
                "self": false,
                "to_port": 0
              }
            ],
            "name": "standard",
            "name_prefix": "",
            "owner_id": "244736565328",
            "revoke_rules_on_delete": false,
            "tags": {
              "name": "security_group"
            },
            "tags_all": {
              "name": "security_group"
            },
            "timeouts": null,
            "vpc_id": "vpc-070b6bb5893238767"
          },
          "sensitive_attributes": [],
          "private": "eyJlMmJmYjczMC1lY2FhLTExZTYtOGY4OC0zNDM2M2JjN2M0YzAiOnsiY3JlYXRlIjo2MDAwMDAwMDAwMDAsImRlbGV0ZSI6OTAwMDAwMDAwMDAwfSwic2NoZW1hX3ZlcnNpb24iOiIxIn0=",
          "dependencies": [
            "aws_vpc.main"
          ]
        }
      ]
    },
    {
      "mode": "managed",
      "type": "aws_subnet",
      "name": "main",
      "provider": "provider[\"registry.terraform.io/hashicorp/aws\"]",
      "instances": [
        {
          "schema_version": 1,
          "attributes": {
            "arn": "arn:aws:ec2:us-east-1:244736565328:subnet/subnet-01946b138ab516178",
            "assign_ipv6_address_on_creation": false,
            "availability_zone": "us-east-1b",
            "availability_zone_id": "use1-az6",
            "cidr_block": "10.0.1.0/24",
            "customer_owned_ipv4_pool": "",
            "enable_dns64": false,
            "enable_resource_name_dns_a_record_on_launch": false,
            "enable_resource_name_dns_aaaa_record_on_launch": false,
            "id": "subnet-01946b138ab516178",
            "ipv6_cidr_block": "",
            "ipv6_cidr_block_association_id": "",
            "ipv6_native": false,
            "map_customer_owned_ip_on_launch": false,
            "map_public_ip_on_launch": true,
            "outpost_arn": "",
            "owner_id": "244736565328",
            "private_dns_hostname_type_on_launch": "ip-name",
            "tags": {
              "Name": "Subnet"
            },
            "tags_all": {
              "Name": "Subnet"
            },
            "timeouts": null,
            "vpc_id": "vpc-070b6bb5893238767"
          },
          "sensitive_attributes": [],
          "private": "eyJlMmJmYjczMC1lY2FhLTExZTYtOGY4OC0zNDM2M2JjN2M0YzAiOnsiY3JlYXRlIjo2MDAwMDAwMDAwMDAsImRlbGV0ZSI6MTIwMDAwMDAwMDAwMH0sInNjaGVtYV92ZXJzaW9uIjoiMSJ9",
          "dependencies": [
            "aws_vpc.main"
          ]
        }
      ]
    },
    {
      "mode": "managed",
      "type": "aws_subnet",
      "name": "private",
      "provider": "provider[\"registry.terraform.io/hashicorp/aws\"]",
      "instances": [
        {
          "schema_version": 1,
          "attributes": {
            "arn": "arn:aws:ec2:us-east-1:244736565328:subnet/subnet-0ae063f531b9e6df5",
            "assign_ipv6_address_on_creation": false,
            "availability_zone": "us-east-1a",
            "availability_zone_id": "use1-az4",
            "cidr_block": "10.0.3.0/24",
            "customer_owned_ipv4_pool": "",
            "enable_dns64": false,
            "enable_resource_name_dns_a_record_on_launch": false,
            "enable_resource_name_dns_aaaa_record_on_launch": false,
            "id": "subnet-0ae063f531b9e6df5",
            "ipv6_cidr_block": "",
            "ipv6_cidr_block_association_id": "",
            "ipv6_native": false,
            "map_customer_owned_ip_on_launch": false,
            "map_public_ip_on_launch": true,
            "outpost_arn": "",
            "owner_id": "244736565328",
            "private_dns_hostname_type_on_launch": "ip-name",
            "tags": {
              "Name": "Private"
            },
            "tags_all": {
              "Name": "Private"
            },
            "timeouts": null,
            "vpc_id": "vpc-070b6bb5893238767"
          },
          "sensitive_attributes": [],
          "private": "eyJlMmJmYjczMC1lY2FhLTExZTYtOGY4OC0zNDM2M2JjN2M0YzAiOnsiY3JlYXRlIjo2MDAwMDAwMDAwMDAsImRlbGV0ZSI6MTIwMDAwMDAwMDAwMH0sInNjaGVtYV92ZXJzaW9uIjoiMSJ9",
          "dependencies": [
            "aws_internet_gateway.gw",
            "aws_vpc.main",
            "data.aws_availability_zones.available"
          ]
        }
      ]
    },
    {
      "mode": "managed",
      "type": "aws_subnet",
      "name": "public",
      "provider": "provider[\"registry.terraform.io/hashicorp/aws\"]",
      "instances": [
        {
          "schema_version": 1,
          "attributes": {
            "arn": "arn:aws:ec2:us-east-1:244736565328:subnet/subnet-05d0af589831cd90d",
            "assign_ipv6_address_on_creation": false,
            "availability_zone": "us-east-1b",
            "availability_zone_id": "use1-az6",
            "cidr_block": "10.0.2.0/24",
            "customer_owned_ipv4_pool": "",
            "enable_dns64": false,
            "enable_resource_name_dns_a_record_on_launch": false,
            "enable_resource_name_dns_aaaa_record_on_launch": false,
            "id": "subnet-05d0af589831cd90d",
            "ipv6_cidr_block": "",
            "ipv6_cidr_block_association_id": "",
            "ipv6_native": false,
            "map_customer_owned_ip_on_launch": false,
            "map_public_ip_on_launch": true,
            "outpost_arn": "",
            "owner_id": "244736565328",
            "private_dns_hostname_type_on_launch": "ip-name",
            "tags": {
              "Name": "Public"
            },
            "tags_all": {
              "Name": "Public"
            },
            "timeouts": null,
            "vpc_id": "vpc-070b6bb5893238767"
          },
          "sensitive_attributes": [],
          "private": "eyJlMmJmYjczMC1lY2FhLTExZTYtOGY4OC0zNDM2M2JjN2M0YzAiOnsiY3JlYXRlIjo2MDAwMDAwMDAwMDAsImRlbGV0ZSI6MTIwMDAwMDAwMDAwMH0sInNjaGVtYV92ZXJzaW9uIjoiMSJ9",
          "dependencies": [
            "aws_vpc.main",
            "data.aws_availability_zones.available"
          ]
        }
      ]
    },
    {
      "mode": "managed",
      "type": "aws_vpc",
      "name": "main",
      "provider": "provider[\"registry.terraform.io/hashicorp/aws\"]",
      "instances": [
        {
          "schema_version": 1,
          "attributes": {
            "arn": "arn:aws:ec2:us-east-1:244736565328:vpc/vpc-070b6bb5893238767",
            "assign_generated_ipv6_cidr_block": false,
            "cidr_block": "10.0.0.0/16",
            "default_network_acl_id": "acl-0710606bb3275b57e",
            "default_route_table_id": "rtb-01a8932e05a6a43b0",
            "default_security_group_id": "sg-011395239427d958e",
            "dhcp_options_id": "dopt-8f97f5f4",
            "enable_classiclink": false,
            "enable_classiclink_dns_support": false,
            "enable_dns_hostnames": false,
            "enable_dns_support": true,
            "enable_network_address_usage_metrics": false,
            "id": "vpc-070b6bb5893238767",
            "instance_tenancy": "default",
            "ipv4_ipam_pool_id": null,
            "ipv4_netmask_length": null,
            "ipv6_association_id": "",
            "ipv6_cidr_block": "",
            "ipv6_cidr_block_network_border_group": "",
            "ipv6_ipam_pool_id": "",
            "ipv6_netmask_length": 0,
            "main_route_table_id": "rtb-01a8932e05a6a43b0",
            "owner_id": "244736565328",
            "tags": {
              "name": "VPC_certaus-east-1"
            },
            "tags_all": {
              "name": "VPC_certaus-east-1"
            }
          },
          "sensitive_attributes": [],
          "private": "eyJzY2hlbWFfdmVyc2lvbiI6IjEifQ=="
        }
      ]
    }
  ],
  "check_results": null
}
